// !$*UTF8*$!
{
	archiveVersion = 1;
	classes = {
	};
	objectVersion = 50;
	objects = {

/* Begin PBXBuildFile section */
		3612145522A85B7A000536A0 /* AppDelegate.swift in Sources */ = {isa = PBXBuildFile; fileRef = 3612145422A85B7A000536A0 /* AppDelegate.swift */; };
		3612145722A85B7A000536A0 /* ViewController.swift in Sources */ = {isa = PBXBuildFile; fileRef = 3612145622A85B7A000536A0 /* ViewController.swift */; };
		3612145A22A85B7A000536A0 /* Main.storyboard in Resources */ = {isa = PBXBuildFile; fileRef = 3612145822A85B7A000536A0 /* Main.storyboard */; };
		3612145F22A85B7C000536A0 /* Assets.xcassets in Resources */ = {isa = PBXBuildFile; fileRef = 3612145E22A85B7C000536A0 /* Assets.xcassets */; };
		3612146222A85B7C000536A0 /* LaunchScreen.storyboard in Resources */ = {isa = PBXBuildFile; fileRef = 3612146022A85B7C000536A0 /* LaunchScreen.storyboard */; };
		3612146C22A85ED2000536A0 /* Text.txt in Resources */ = {isa = PBXBuildFile; fileRef = 3612146B22A85ED2000536A0 /* Text.txt */; };
		3612147022A8644A000536A0 /* RollingView.swift in Sources */ = {isa = PBXBuildFile; fileRef = 3612146F22A8644A000536A0 /* RollingView.swift */; };
/* End PBXBuildFile section */

/* Begin PBXFileReference section */
		3612145122A85B7A000536A0 /* RollingView.app */ = {isa = PBXFileReference; explicitFileType = wrapper.application; includeInIndex = 0; path = RollingView.app; sourceTree = BUILT_PRODUCTS_DIR; };
		3612145422A85B7A000536A0 /* AppDelegate.swift */ = {isa = PBXFileReference; lastKnownFileType = sourcecode.swift; path = AppDelegate.swift; sourceTree = "<group>"; };
		3612145622A85B7A000536A0 /* ViewController.swift */ = {isa = PBXFileReference; lastKnownFileType = sourcecode.swift; path = ViewController.swift; sourceTree = "<group>"; };
		3612145922A85B7A000536A0 /* Base */ = {isa = PBXFileReference; lastKnownFileType = file.storyboard; name = Base; path = Base.lproj/Main.storyboard; sourceTree = "<group>"; };
		3612145E22A85B7C000536A0 /* Assets.xcassets */ = {isa = PBXFileReference; lastKnownFileType = folder.assetcatalog; path = Assets.xcassets; sourceTree = "<group>"; };
		3612146122A85B7C000536A0 /* Base */ = {isa = PBXFileReference; lastKnownFileType = file.storyboard; name = Base; path = Base.lproj/LaunchScreen.storyboard; sourceTree = "<group>"; };
		3612146322A85B7C000536A0 /* Info.plist */ = {isa = PBXFileReference; lastKnownFileType = text.plist.xml; path = Info.plist; sourceTree = "<group>"; };
		3612146B22A85ED2000536A0 /* Text.txt */ = {isa = PBXFileReference; fileEncoding = 4; lastKnownFileType = text; path = Text.txt; sourceTree = "<group>"; };
		3612146F22A8644A000536A0 /* RollingView.swift */ = {isa = PBXFileReference; lastKnownFileType = sourcecode.swift; path = RollingView.swift; sourceTree = "<group>"; };
/* End PBXFileReference section */

/* Begin PBXFrameworksBuildPhase section */
		3612144E22A85B7A000536A0 /* Frameworks */ = {
			isa = PBXFrameworksBuildPhase;
			buildActionMask = 2147483647;
			files = (
			);
			runOnlyForDeploymentPostprocessing = 0;
		};
/* End PBXFrameworksBuildPhase section */

/* Begin PBXGroup section */
		3612144822A85B7A000536A0 = {
			isa = PBXGroup;
			children = (
				3612145322A85B7A000536A0 /* RollingView */,
				3612145222A85B7A000536A0 /* Products */,
			);
			sourceTree = "<group>";
		};
		3612145222A85B7A000536A0 /* Products */ = {
			isa = PBXGroup;
			children = (
				3612145122A85B7A000536A0 /* RollingView.app */,
			);
			name = Products;
			sourceTree = "<group>";
		};
		3612145322A85B7A000536A0 /* RollingView */ = {
			isa = PBXGroup;
			children = (
				3612146F22A8644A000536A0 /* RollingView.swift */,
				3612145622A85B7A000536A0 /* ViewController.swift */,
				3612145422A85B7A000536A0 /* AppDelegate.swift */,
				3612145822A85B7A000536A0 /* Main.storyboard */,
				3612145E22A85B7C000536A0 /* Assets.xcassets */,
				3612146022A85B7C000536A0 /* LaunchScreen.storyboard */,
				3612146322A85B7C000536A0 /* Info.plist */,
				3612146B22A85ED2000536A0 /* Text.txt */,
			);
			path = RollingView;
			sourceTree = "<group>";
		};
/* End PBXGroup section */

/* Begin PBXNativeTarget section */
		3612145022A85B7A000536A0 /* RollingView */ = {
			isa = PBXNativeTarget;
			buildConfigurationList = 3612146622A85B7C000536A0 /* Build configuration list for PBXNativeTarget "RollingView" */;
			buildPhases = (
				3612144D22A85B7A000536A0 /* Sources */,
				3612144E22A85B7A000536A0 /* Frameworks */,
				3612144F22A85B7A000536A0 /* Resources */,
			);
			buildRules = (
			);
			dependencies = (
			);
			name = RollingView;
			productName = RollingView;
			productReference = 3612145122A85B7A000536A0 /* RollingView.app */;
			productType = "com.apple.product-type.application";
		};
/* End PBXNativeTarget section */

/* Begin PBXProject section */
		3612144922A85B7A000536A0 /* Project object */ = {
			isa = PBXProject;
			attributes = {
				LastSwiftUpdateCheck = 1020;
				LastUpgradeCheck = 1020;
				ORGANIZATIONNAME = "Hovik Melikyan";
				TargetAttributes = {
					3612145022A85B7A000536A0 = {
						CreatedOnToolsVersion = 10.2.1;
					};
				};
			};
			buildConfigurationList = 3612144C22A85B7A000536A0 /* Build configuration list for PBXProject "RollingView" */;
			compatibilityVersion = "Xcode 9.3";
			developmentRegion = en;
			hasScannedForEncodings = 0;
			knownRegions = (
				en,
				Base,
			);
			mainGroup = 3612144822A85B7A000536A0;
			productRefGroup = 3612145222A85B7A000536A0 /* Products */;
			projectDirPath = "";
			projectRoot = "";
			targets = (
				3612145022A85B7A000536A0 /* RollingView */,
			);
		};
/* End PBXProject section */

/* Begin PBXResourcesBuildPhase section */
		3612144F22A85B7A000536A0 /* Resources */ = {
			isa = PBXResourcesBuildPhase;
			buildActionMask = 2147483647;
			files = (
				3612146222A85B7C000536A0 /* LaunchScreen.storyboard in Resources */,
				3612145F22A85B7C000536A0 /* Assets.xcassets in Resources */,
				3612145A22A85B7A000536A0 /* Main.storyboard in Resources */,
				3612146C22A85ED2000536A0 /* Text.txt in Resources */,
			);
			runOnlyForDeploymentPostprocessing = 0;
		};
/* End PBXResourcesBuildPhase section */

/* Begin PBXSourcesBuildPhase section */
		3612144D22A85B7A000536A0 /* Sources */ = {
			isa = PBXSourcesBuildPhase;
			buildActionMask = 2147483647;
			files = (
				3612145722A85B7A000536A0 /* ViewController.swift in Sources */,
				3612145522A85B7A000536A0 /* AppDelegate.swift in Sources */,
				3612147022A8644A000536A0 /* RollingView.swift in Sources */,
			);
			runOnlyForDeploymentPostprocessing = 0;
		};
/* End PBXSourcesBuildPhase section */

/* Begin PBXVariantGroup section */
		3612145822A85B7A000536A0 /* Main.storyboard */ = {
			isa = PBXVariantGroup;
			children = (
				3612145922A85B7A000536A0 /* Base */,
			);
			name = Main.storyboard;
			sourceTree = "<group>";
		};
		3612146022A85B7C000536A0 /* LaunchScreen.storyboard */ = {
			isa = PBXVariantGroup;
			children = (
				3612146122A85B7C000536A0 /* Base */,
			);
			name = LaunchScreen.storyboard;
			sourceTree = "<group>";
		};
/* End PBXVariantGroup section */

/* Begin XCBuildConfiguration section */
		3612146422A85B7C000536A0 /* Debug */ = {
			isa = XCBuildConfiguration;
			buildSettings = {
				ALWAYS_SEARCH_USER_PATHS = NO;
				CLANG_ANALYZER_NONNULL = YES;
				CLANG_ANALYZER_NUMBER_OBJECT_CONVERSION = YES_AGGRESSIVE;
				CLANG_CXX_LANGUAGE_STANDARD = "gnu++14";
				CLANG_CXX_LIBRARY = "libc++";
				CLANG_ENABLE_MODULES = YES;
				CLANG_ENABLE_OBJC_ARC = YES;
				CLANG_ENABLE_OBJC_WEAK = YES;
				CLANG_WARN_BLOCK_CAPTURE_AUTORELEASING = YES;
				CLANG_WARN_BOOL_CONVERSION = YES;
				CLANG_WARN_COMMA = YES;
				CLANG_WARN_CONSTANT_CONVERSION = YES;
				CLANG_WARN_DEPRECATED_OBJC_IMPLEMENTATIONS = YES;
				CLANG_WARN_DIRECT_OBJC_ISA_USAGE = YES_ERROR;
				CLANG_WARN_DOCUMENTATION_COMMENTS = YES;
				CLANG_WARN_EMPTY_BODY = YES;
				CLANG_WARN_ENUM_CONVERSION = YES;
				CLANG_WARN_INFINITE_RECURSION = YES;
				CLANG_WARN_INT_CONVERSION = YES;
				CLANG_WARN_NON_LITERAL_NULL_CONVERSION = YES;
				CLANG_WARN_OBJC_IMPLICIT_RETAIN_SELF = YES;
				CLANG_WARN_OBJC_LITERAL_CONVERSION = YES;
				CLANG_WARN_OBJC_ROOT_CLASS = YES_ERROR;
				CLANG_WARN_RANGE_LOOP_ANALYSIS = YES;
				CLANG_WARN_STRICT_PROTOTYPES = YES;
				CLANG_WARN_SUSPICIOUS_MOVE = YES;
				CLANG_WARN_UNGUARDED_AVAILABILITY = YES_AGGRESSIVE;
				CLANG_WARN_UNREACHABLE_CODE = YES;
				CLANG_WARN__DUPLICATE_METHOD_MATCH = YES;
				CODE_SIGN_IDENTITY = "iPhone Developer";
				COPY_PHASE_STRIP = NO;
				DEBUG_INFORMATION_FORMAT = dwarf;
				ENABLE_STRICT_OBJC_MSGSEND = YES;
				ENABLE_TESTABILITY = YES;
				GCC_C_LANGUAGE_STANDARD = gnu11;
				GCC_DYNAMIC_NO_PIC = NO;
				GCC_NO_COMMON_BLOCKS = YES;
				GCC_OPTIMIZATION_LEVEL = 0;
				GCC_PREPROCESSOR_DEFINITIONS = (
					"DEBUG=1",
					"$(inherited)",
				);
				GCC_WARN_64_TO_32_BIT_CONVERSION = YES;
				GCC_WARN_ABOUT_RETURN_TYPE = YES_ERROR;
				GCC_WARN_UNDECLARED_SELECTOR = YES;
				GCC_WARN_UNINITIALIZED_AUTOS = YES_AGGRESSIVE;
				GCC_WARN_UNUSED_FUNCTION = YES;
				GCC_WARN_UNUSED_VARIABLE = YES;
				IPHONEOS_DEPLOYMENT_TARGET = 12.2;
				MTL_ENABLE_DEBUG_INFO = INCLUDE_SOURCE;
				MTL_FAST_MATH = YES;
				ONLY_ACTIVE_ARCH = YES;
				SDKROOT = iphoneos;
				SWIFT_ACTIVE_COMPILATION_CONDITIONS = DEBUG;
				SWIFT_OPTIMIZATION_LEVEL = "-Onone";
			};
			name = Debug;
		};
		3612146522A85B7C000536A0 /* Release */ = {
			isa = XCBuildConfiguration;
			buildSettings = {
				ALWAYS_SEARCH_USER_PATHS = NO;
				CLANG_ANALYZER_NONNULL = YES;
				CLANG_ANALYZER_NUMBER_OBJECT_CONVERSION = YES_AGGRESSIVE;
				CLANG_CXX_LANGUAGE_STANDARD = "gnu++14";
				CLANG_CXX_LIBRARY = "libc++";
				CLANG_ENABLE_MODULES = YES;
				CLANG_ENABLE_OBJC_ARC = YES;
				CLANG_ENABLE_OBJC_WEAK = YES;
				CLANG_WARN_BLOCK_CAPTURE_AUTORELEASING = YES;
				CLANG_WARN_BOOL_CONVERSION = YES;
				CLANG_WARN_COMMA = YES;
				CLANG_WARN_CONSTANT_CONVERSION = YES;
				CLANG_WARN_DEPRECATED_OBJC_IMPLEMENTATIONS = YES;
				CLANG_WARN_DIRECT_OBJC_ISA_USAGE = YES_ERROR;
				CLANG_WARN_DOCUMENTATION_COMMENTS = YES;
				CLANG_WARN_EMPTY_BODY = YES;
				CLANG_WARN_ENUM_CONVERSION = YES;
				CLANG_WARN_INFINITE_RECURSION = YES;
				CLANG_WARN_INT_CONVERSION = YES;
				CLANG_WARN_NON_LITERAL_NULL_CONVERSION = YES;
				CLANG_WARN_OBJC_IMPLICIT_RETAIN_SELF = YES;
				CLANG_WARN_OBJC_LITERAL_CONVERSION = YES;
				CLANG_WARN_OBJC_ROOT_CLASS = YES_ERROR;
				CLANG_WARN_RANGE_LOOP_ANALYSIS = YES;
				CLANG_WARN_STRICT_PROTOTYPES = YES;
				CLANG_WARN_SUSPICIOUS_MOVE = YES;
				CLANG_WARN_UNGUARDED_AVAILABILITY = YES_AGGRESSIVE;
				CLANG_WARN_UNREACHABLE_CODE = YES;
				CLANG_WARN__DUPLICATE_METHOD_MATCH = YES;
				CODE_SIGN_IDENTITY = "iPhone Developer";
				COPY_PHASE_STRIP = NO;
				DEBUG_INFORMATION_FORMAT = "dwarf-with-dsym";
				ENABLE_NS_ASSERTIONS = NO;
				ENABLE_STRICT_OBJC_MSGSEND = YES;
				GCC_C_LANGUAGE_STANDARD = gnu11;
				GCC_NO_COMMON_BLOCKS = YES;
				GCC_WARN_64_TO_32_BIT_CONVERSION = YES;
				GCC_WARN_ABOUT_RETURN_TYPE = YES_ERROR;
				GCC_WARN_UNDECLARED_SELECTOR = YES;
				GCC_WARN_UNINITIALIZED_AUTOS = YES_AGGRESSIVE;
				GCC_WARN_UNUSED_FUNCTION = YES;
				GCC_WARN_UNUSED_VARIABLE = YES;
				IPHONEOS_DEPLOYMENT_TARGET = 12.2;
				MTL_ENABLE_DEBUG_INFO = NO;
				MTL_FAST_MATH = YES;
				SDKROOT = iphoneos;
				SWIFT_COMPILATION_MODE = wholemodule;
				SWIFT_OPTIMIZATION_LEVEL = "-O";
				VALIDATE_PRODUCT = YES;
			};
			name = Release;
		};
		3612146722A85B7C000536A0 /* Debug */ = {
			isa = XCBuildConfiguration;
			buildSettings = {
				ASSETCATALOG_COMPILER_APPICON_NAME = AppIcon;
				CODE_SIGN_STYLE = Automatic;
				DEVELOPMENT_TEAM = 639KEQWW6F;
				INFOPLIST_FILE = RollingView/Info.plist;
				IPHONEOS_DEPLOYMENT_TARGET = 11.2;
				LD_RUNPATH_SEARCH_PATHS = (
					"$(inherited)",
					"@executable_path/Frameworks",
				);
				PRODUCT_BUNDLE_IDENTIFIER = com.melikyan.RollingView;
				PRODUCT_NAME = "$(TARGET_NAME)";
				SWIFT_VERSION = 5.0;
				TARGETED_DEVICE_FAMILY = "1,2";
			};
			name = Debug;
		};
		3612146822A85B7C000536A0 /* Release */ = {
			isa = XCBuildConfiguration;
			buildSettings = {
				ASSETCATALOG_COMPILER_APPICON_NAME = AppIcon;
				CODE_SIGN_STYLE = Automatic;
				DEVELOPMENT_TEAM = 639KEQWW6F;
				INFOPLIST_FILE = RollingView/Info.plist;
				IPHONEOS_DEPLOYMENT_TARGET = 11.2;
				LD_RUNPATH_SEARCH_PATHS = (
					"$(inherited)",
					"@executable_path/Frameworks",
				);
				PRODUCT_BUNDLE_IDENTIFIER = com.melikyan.RollingView;
				PRODUCT_NAME = "$(TARGET_NAME)";
				SWIFT_VERSION = 5.0;
				TARGETED_DEVICE_FAMILY = "1,2";
			};
			name = Release;
		};
/* End XCBuildConfiguration section */

/* Begin XCConfigurationList section */
		3612144C22A85B7A000536A0 /* Build configuration list for PBXProject "RollingView" */ = {
			isa = XCConfigurationList;
			buildConfigurations = (
				3612146422A85B7C000536A0 /* Debug */,
				3612146522A85B7C000536A0 /* Release */,
			);
			defaultConfigurationIsVisible = 0;
			defaultConfigurationName = Release;
		};
		3612146622A85B7C000536A0 /* Build configuration list for PBXNativeTarget "RollingView" */ = {
			isa = XCConfigurationList;
			buildConfigurations = (
				3612146722A85B7C000536A0 /* Debug */,
				3612146822A85B7C000536A0 /* Release */,
			);
			defaultConfigurationIsVisible = 0;
			defaultConfigurationName = Release;
		};
/* End XCConfigurationList section */
	};
	rootObject = 3612144922A85B7A000536A0 /* Project object */;
}
